
Microsoft Visual Studio Solution File, Format Version 12.00
# Visual Studio 2012
Project("{FAE04EC0-301F-11D3-BF4B-00C04F79EFBC}") = "CommissioningMailer", "CommissioningMailer\CommissioningMailer.csproj", "{89994540-8DEC-438C-8399-66EC2DED18AC}"
EndProject
Project("{2150E333-8FDC-42A3-9474-1A3956D46DE8}") = ".nuget", ".nuget", "{6B8F591A-9D96-45F7-9518-4C48B65B7FF2}"
	ProjectSection(SolutionItems) = preProject
		.nuget\NuGet.Config = .nuget\NuGet.Config
		.nuget\NuGet.exe = .nuget\NuGet.exe
		.nuget\NuGet.targets = .nuget\NuGet.targets
	EndProjectSection
EndProject
Project("{FAE04EC0-301F-11D3-BF4B-00C04F79EFBC}") = "ProxyHelpers", "ProxyHelpers\ProxyHelpers.csproj", "{738B2795-A5CA-4B2A-8B1C-A44BA96D9D59}"
EndProject
Project("{FAE04EC0-301F-11D3-BF4B-00C04F79EFBC}") = "Logger", "Logger\Logger.csproj", "{537F828A-D67C-4B3C-88FD-92786464B017}"
EndProject
Project("{FAE04EC0-301F-11D3-BF4B-00C04F79EFBC}") = "Emailer", "Emailer\Emailer.csproj", "{1B0BDC59-F5B8-4121-BD33-BD8304A9379B}"
EndProject
Project("{FAE04EC0-301F-11D3-BF4B-00C04F79EFBC}") = "Emailer.Tests", "Emailer.Tests\Emailer.Tests.csproj", "{3FE4DEF8-E3A8-41F1-BBD9-8CD8C5D1E138}"
EndProject
Global
	GlobalSection(SolutionConfigurationPlatforms) = preSolution
		Debug|Any CPU = Debug|Any CPU
		Debug|x86 = Debug|x86
		DebugLV|Any CPU = DebugLV|Any CPU
		DebugLV|x86 = DebugLV|x86
		DebugWeb|Any CPU = DebugWeb|Any CPU
		DebugWeb|x86 = DebugWeb|x86
		Release|Any CPU = Release|Any CPU
		Release|x86 = Release|x86
		ReleaseLV|Any CPU = ReleaseLV|Any CPU
		ReleaseLV|x86 = ReleaseLV|x86
		ReleaseWeb|Any CPU = ReleaseWeb|Any CPU
		ReleaseWeb|x86 = ReleaseWeb|x86
	EndGlobalSection
	GlobalSection(ProjectConfigurationPlatforms) = postSolution
		{89994540-8DEC-438C-8399-66EC2DED18AC}.Debug|Any CPU.ActiveCfg = Debug|Any CPU
		{89994540-8DEC-438C-8399-66EC2DED18AC}.Debug|Any CPU.Build.0 = Debug|Any CPU
		{89994540-8DEC-438C-8399-66EC2DED18AC}.Debug|Mixed Platforms.ActiveCfg = Debug|x86
		{89994540-8DEC-438C-8399-66EC2DED18AC}.Debug|Mixed Platforms.Build.0 = Debug|x86
		{89994540-8DEC-438C-8399-66EC2DED18AC}.Debug|x86.ActiveCfg = Debug|x86
		{89994540-8DEC-438C-8399-66EC2DED18AC}.Debug|x86.Build.0 = Debug|x86
		{89994540-8DEC-438C-8399-66EC2DED18AC}.DebugLV|Any CPU.ActiveCfg = Debug|Any CPU
		{89994540-8DEC-438C-8399-66EC2DED18AC}.DebugLV|Any CPU.Build.0 = Debug|Any CPU
		{89994540-8DEC-438C-8399-66EC2DED18AC}.DebugLV|Mixed Platforms.ActiveCfg = Debug|Any CPU
		{89994540-8DEC-438C-8399-66EC2DED18AC}.DebugLV|Mixed Platforms.Build.0 = Debug|Any CPU
		{89994540-8DEC-438C-8399-66EC2DED18AC}.DebugLV|x86.ActiveCfg = Debug|x86
		{89994540-8DEC-438C-8399-66EC2DED18AC}.DebugLV|x86.Build.0 = Debug|x86
		{89994540-8DEC-438C-8399-66EC2DED18AC}.DebugWeb|Any CPU.ActiveCfg = Debug|Any CPU
		{89994540-8DEC-438C-8399-66EC2DED18AC}.DebugWeb|Any CPU.Build.0 = Debug|Any CPU
		{89994540-8DEC-438C-8399-66EC2DED18AC}.DebugWeb|Mixed Platforms.ActiveCfg = Debug|Any CPU
		{89994540-8DEC-438C-8399-66EC2DED18AC}.DebugWeb|Mixed Platforms.Build.0 = Debug|Any CPU
		{89994540-8DEC-438C-8399-66EC2DED18AC}.DebugWeb|x86.ActiveCfg = Debug|x86
		{89994540-8DEC-438C-8399-66EC2DED18AC}.DebugWeb|x86.Build.0 = Debug|x86
		{89994540-8DEC-438C-8399-66EC2DED18AC}.Release|Any CPU.ActiveCfg = Release|Any CPU
		{89994540-8DEC-438C-8399-66EC2DED18AC}.Release|Any CPU.Build.0 = Release|Any CPU
		{89994540-8DEC-438C-8399-66EC2DED18AC}.Release|Mixed Platforms.ActiveCfg = Release|Any CPU
		{89994540-8DEC-438C-8399-66EC2DED18AC}.Release|Mixed Platforms.Build.0 = Release|Any CPU
		{89994540-8DEC-438C-8399-66EC2DED18AC}.Release|x86.ActiveCfg = Release|x86
		{89994540-8DEC-438C-8399-66EC2DED18AC}.Release|x86.Build.0 = Release|x86
		{89994540-8DEC-438C-8399-66EC2DED18AC}.ReleaseLV|Any CPU.ActiveCfg = Release|Any CPU
		{89994540-8DEC-438C-8399-66EC2DED18AC}.ReleaseLV|Any CPU.Build.0 = Release|Any CPU
		{89994540-8DEC-438C-8399-66EC2DED18AC}.ReleaseLV|Mixed Platforms.ActiveCfg = Release|Any CPU
		{89994540-8DEC-438C-8399-66EC2DED18AC}.ReleaseLV|Mixed Platforms.Build.0 = Release|Any CPU
		{89994540-8DEC-438C-8399-66EC2DED18AC}.ReleaseLV|x86.ActiveCfg = Release|x86
		{89994540-8DEC-438C-8399-66EC2DED18AC}.ReleaseLV|x86.Build.0 = Release|x86
		{89994540-8DEC-438C-8399-66EC2DED18AC}.ReleaseWeb|Any CPU.ActiveCfg = Release|Any CPU
		{89994540-8DEC-438C-8399-66EC2DED18AC}.ReleaseWeb|Any CPU.Build.0 = Release|Any CPU
		{89994540-8DEC-438C-8399-66EC2DED18AC}.ReleaseWeb|Mixed Platforms.ActiveCfg = Release|Any CPU
		{89994540-8DEC-438C-8399-66EC2DED18AC}.ReleaseWeb|Mixed Platforms.Build.0 = Release|Any CPU
		{89994540-8DEC-438C-8399-66EC2DED18AC}.ReleaseWeb|x86.ActiveCfg = Release|x86
		{89994540-8DEC-438C-8399-66EC2DED18AC}.ReleaseWeb|x86.Build.0 = Release|x86
		{738B2795-A5CA-4B2A-8B1C-A44BA96D9D59}.Debug|Any CPU.ActiveCfg = DebugLV|Any CPU
		{738B2795-A5CA-4B2A-8B1C-A44BA96D9D59}.Debug|Any CPU.Build.0 = DebugLV|Any CPU
		{738B2795-A5CA-4B2A-8B1C-A44BA96D9D59}.Debug|Mixed Platforms.ActiveCfg = DebugLV|x86
		{738B2795-A5CA-4B2A-8B1C-A44BA96D9D59}.Debug|Mixed Platforms.Build.0 = DebugLV|x86
		{738B2795-A5CA-4B2A-8B1C-A44BA96D9D59}.Debug|x86.ActiveCfg = DebugWeb|x86
		{738B2795-A5CA-4B2A-8B1C-A44BA96D9D59}.Debug|x86.Build.0 = DebugWeb|x86
		{738B2795-A5CA-4B2A-8B1C-A44BA96D9D59}.DebugLV|Any CPU.ActiveCfg = DebugLV|Any CPU
		{738B2795-A5CA-4B2A-8B1C-A44BA96D9D59}.DebugLV|Any CPU.Build.0 = DebugLV|Any CPU
		{738B2795-A5CA-4B2A-8B1C-A44BA96D9D59}.DebugLV|x86.ActiveCfg = DebugLV|x86
		{738B2795-A5CA-4B2A-8B1C-A44BA96D9D59}.DebugLV|x86.Build.0 = DebugLV|x86
		{738B2795-A5CA-4B2A-8B1C-A44BA96D9D59}.DebugWeb|Any CPU.ActiveCfg = DebugWeb|Any CPU
		{738B2795-A5CA-4B2A-8B1C-A44BA96D9D59}.DebugWeb|Any CPU.Build.0 = DebugWeb|Any CPU
		{738B2795-A5CA-4B2A-8B1C-A44BA96D9D59}.DebugWeb|x86.ActiveCfg = DebugWeb|x86
		{738B2795-A5CA-4B2A-8B1C-A44BA96D9D59}.DebugWeb|x86.Build.0 = DebugWeb|x86
		{738B2795-A5CA-4B2A-8B1C-A44BA96D9D59}.Release|Any CPU.ActiveCfg = ReleaseLV|Any CPU
		{738B2795-A5CA-4B2A-8B1C-A44BA96D9D59}.Release|Any CPU.Build.0 = ReleaseLV|Any CPU
		{738B2795-A5CA-4B2A-8B1C-A44BA96D9D59}.Release|Mixed Platforms.ActiveCfg = ReleaseLV|x86
		{738B2795-A5CA-4B2A-8B1C-A44BA96D9D59}.Release|Mixed Platforms.Build.0 = ReleaseLV|x86
		{738B2795-A5CA-4B2A-8B1C-A44BA96D9D59}.Release|x86.ActiveCfg = ReleaseWeb|x86
		{738B2795-A5CA-4B2A-8B1C-A44BA96D9D59}.Release|x86.Build.0 = ReleaseWeb|x86
		{738B2795-A5CA-4B2A-8B1C-A44BA96D9D59}.ReleaseLV|Any CPU.ActiveCfg = ReleaseLV|Any CPU
		{738B2795-A5CA-4B2A-8B1C-A44BA96D9D59}.ReleaseLV|Any CPU.Build.0 = ReleaseLV|Any CPU
		{738B2795-A5CA-4B2A-8B1C-A44BA96D9D59}.ReleaseLV|x86.ActiveCfg = ReleaseLV|x86
		{738B2795-A5CA-4B2A-8B1C-A44BA96D9D59}.ReleaseLV|x86.Build.0 = ReleaseLV|x86
		{738B2795-A5CA-4B2A-8B1C-A44BA96D9D59}.ReleaseWeb|Any CPU.ActiveCfg = ReleaseWeb|Any CPU
		{738B2795-A5CA-4B2A-8B1C-A44BA96D9D59}.ReleaseWeb|Any CPU.Build.0 = ReleaseWeb|Any CPU
		{738B2795-A5CA-4B2A-8B1C-A44BA96D9D59}.ReleaseWeb|x86.ActiveCfg = ReleaseWeb|x86
		{738B2795-A5CA-4B2A-8B1C-A44BA96D9D59}.ReleaseWeb|x86.Build.0 = ReleaseWeb|x86
		{537F828A-D67C-4B3C-88FD-92786464B017}.Debug|Any CPU.ActiveCfg = Debug|Any CPU
		{537F828A-D67C-4B3C-88FD-92786464B017}.Debug|Any CPU.Build.0 = Debug|Any CPU
		{537F828A-D67C-4B3C-88FD-92786464B017}.Debug|Mixed Platforms.ActiveCfg = Debug|x86
		{537F828A-D67C-4B3C-88FD-92786464B017}.Debug|Mixed Platforms.Build.0 = Debug|x86
		{537F828A-D67C-4B3C-88FD-92786464B017}.Debug|x86.ActiveCfg = Debug|x86
		{537F828A-D67C-4B3C-88FD-92786464B017}.Debug|x86.Build.0 = Debug|x86
		{537F828A-D67C-4B3C-88FD-92786464B017}.DebugLV|Any CPU.ActiveCfg = Debug|x86
		{537F828A-D67C-4B3C-88FD-92786464B017}.DebugLV|Mixed Platforms.ActiveCfg = Debug|x86
		{537F828A-D67C-4B3C-88FD-92786464B017}.DebugLV|Mixed Platforms.Build.0 = Debug|x86
		{537F828A-D67C-4B3C-88FD-92786464B017}.DebugLV|x86.ActiveCfg = Debug|x86
		{537F828A-D67C-4B3C-88FD-92786464B017}.DebugLV|x86.Build.0 = Debug|x86
		{537F828A-D67C-4B3C-88FD-92786464B017}.DebugWeb|Any CPU.ActiveCfg = Debug|x86
		{537F828A-D67C-4B3C-88FD-92786464B017}.DebugWeb|Mixed Platforms.ActiveCfg = Debug|x86
		{537F828A-D67C-4B3C-88FD-92786464B017}.DebugWeb|Mixed Platforms.Build.0 = Debug|x86
		{537F828A-D67C-4B3C-88FD-92786464B017}.DebugWeb|x86.ActiveCfg = Debug|x86
		{537F828A-D67C-4B3C-88FD-92786464B017}.DebugWeb|x86.Build.0 = Debug|x86
		{537F828A-D67C-4B3C-88FD-92786464B017}.Release|Any CPU.ActiveCfg = Release|Any CPU
		{537F828A-D67C-4B3C-88FD-92786464B017}.Release|Any CPU.Build.0 = Release|Any CPU
		{537F828A-D67C-4B3C-88FD-92786464B017}.Release|Mixed Platforms.ActiveCfg = Release|x86
		{537F828A-D67C-4B3C-88FD-92786464B017}.Release|Mixed Platforms.Build.0 = Release|x86
		{537F828A-D67C-4B3C-88FD-92786464B017}.Release|x86.ActiveCfg = Release|x86
		{537F828A-D67C-4B3C-88FD-92786464B017}.Release|x86.Build.0 = Release|x86
		{537F828A-D67C-4B3C-88FD-92786464B017}.ReleaseLV|Any CPU.ActiveCfg = Release|x86
		{537F828A-D67C-4B3C-88FD-92786464B017}.ReleaseLV|Mixed Platforms.ActiveCfg = Release|x86
		{537F828A-D67C-4B3C-88FD-92786464B017}.ReleaseLV|Mixed Platforms.Build.0 = Release|x86
		{537F828A-D67C-4B3C-88FD-92786464B017}.ReleaseLV|x86.ActiveCfg = Release|x86
		{537F828A-D67C-4B3C-88FD-92786464B017}.ReleaseLV|x86.Build.0 = Release|x86
		{537F828A-D67C-4B3C-88FD-92786464B017}.ReleaseWeb|Any CPU.ActiveCfg = Release|x86
		{537F828A-D67C-4B3C-88FD-92786464B017}.ReleaseWeb|Mixed Platforms.ActiveCfg = Release|x86
		{537F828A-D67C-4B3C-88FD-92786464B017}.ReleaseWeb|Mixed Platforms.Build.0 = Release|x86
		{537F828A-D67C-4B3C-88FD-92786464B017}.ReleaseWeb|x86.ActiveCfg = Release|x86
		{537F828A-D67C-4B3C-88FD-92786464B017}.ReleaseWeb|x86.Build.0 = Release|x86
		{1B0BDC59-F5B8-4121-BD33-BD8304A9379B}.Debug|Any CPU.ActiveCfg = Debug|Any CPU
		{1B0BDC59-F5B8-4121-BD33-BD8304A9379B}.Debug|Any CPU.Build.0 = Debug|Any CPU
		{1B0BDC59-F5B8-4121-BD33-BD8304A9379B}.Debug|Mixed Platforms.ActiveCfg = Debug|x86
		{1B0BDC59-F5B8-4121-BD33-BD8304A9379B}.Debug|Mixed Platforms.Build.0 = Debug|x86
		{1B0BDC59-F5B8-4121-BD33-BD8304A9379B}.Debug|x86.ActiveCfg = Debug|Any CPU
		{1B0BDC59-F5B8-4121-BD33-BD8304A9379B}.DebugLV|Any CPU.ActiveCfg = Debug|Any CPU
		{1B0BDC59-F5B8-4121-BD33-BD8304A9379B}.DebugLV|Any CPU.Build.0 = Debug|Any CPU
		{1B0BDC59-F5B8-4121-BD33-BD8304A9379B}.DebugLV|Mixed Platforms.ActiveCfg = Debug|Any CPU
		{1B0BDC59-F5B8-4121-BD33-BD8304A9379B}.DebugLV|Mixed Platforms.Build.0 = Debug|Any CPU
		{1B0BDC59-F5B8-4121-BD33-BD8304A9379B}.DebugLV|x86.ActiveCfg = Debug|Any CPU
		{1B0BDC59-F5B8-4121-BD33-BD8304A9379B}.DebugWeb|Any CPU.ActiveCfg = Debug|Any CPU
		{1B0BDC59-F5B8-4121-BD33-BD8304A9379B}.DebugWeb|Any CPU.Build.0 = Debug|Any CPU
		{1B0BDC59-F5B8-4121-BD33-BD8304A9379B}.DebugWeb|Mixed Platforms.ActiveCfg = Debug|Any CPU
		{1B0BDC59-F5B8-4121-BD33-BD8304A9379B}.DebugWeb|Mixed Platforms.Build.0 = Debug|Any CPU
		{1B0BDC59-F5B8-4121-BD33-BD8304A9379B}.DebugWeb|x86.ActiveCfg = Debug|Any CPU
		{1B0BDC59-F5B8-4121-BD33-BD8304A9379B}.Release|Any CPU.ActiveCfg = Release|Any CPU
		{1B0BDC59-F5B8-4121-BD33-BD8304A9379B}.Release|Any CPU.Build.0 = Release|Any CPU
		{1B0BDC59-F5B8-4121-BD33-BD8304A9379B}.Release|Mixed Platforms.ActiveCfg = Release|Any CPU
		{1B0BDC59-F5B8-4121-BD33-BD8304A9379B}.Release|Mixed Platforms.Build.0 = Release|Any CPU
		{1B0BDC59-F5B8-4121-BD33-BD8304A9379B}.Release|x86.ActiveCfg = Release|Any CPU
		{1B0BDC59-F5B8-4121-BD33-BD8304A9379B}.ReleaseLV|Any CPU.ActiveCfg = Release|Any CPU
		{1B0BDC59-F5B8-4121-BD33-BD8304A9379B}.ReleaseLV|Any CPU.Build.0 = Release|Any CPU
		{1B0BDC59-F5B8-4121-BD33-BD8304A9379B}.ReleaseLV|Mixed Platforms.ActiveCfg = Release|Any CPU
		{1B0BDC59-F5B8-4121-BD33-BD8304A9379B}.ReleaseLV|Mixed Platforms.Build.0 = Release|Any CPU
		{1B0BDC59-F5B8-4121-BD33-BD8304A9379B}.ReleaseLV|x86.ActiveCfg = Release|Any CPU
		{1B0BDC59-F5B8-4121-BD33-BD8304A9379B}.ReleaseWeb|Any CPU.ActiveCfg = Release|Any CPU
		{1B0BDC59-F5B8-4121-BD33-BD8304A9379B}.ReleaseWeb|Any CPU.Build.0 = Release|Any CPU
		{1B0BDC59-F5B8-4121-BD33-BD8304A9379B}.ReleaseWeb|Mixed Platforms.ActiveCfg = Release|Any CPU
		{1B0BDC59-F5B8-4121-BD33-BD8304A9379B}.ReleaseWeb|Mixed Platforms.Build.0 = Release|Any CPU
		{1B0BDC59-F5B8-4121-BD33-BD8304A9379B}.ReleaseWeb|x86.ActiveCfg = Release|Any CPU
		{3FE4DEF8-E3A8-41F1-BBD9-8CD8C5D1E138}.Debug|Any CPU.ActiveCfg = Debug|Any CPU
		{3FE4DEF8-E3A8-41F1-BBD9-8CD8C5D1E138}.Debug|Any CPU.Build.0 = Debug|Any CPU
		{3FE4DEF8-E3A8-41F1-BBD9-8CD8C5D1E138}.Debug|Mixed Platforms.ActiveCfg = Debug|x86
		{3FE4DEF8-E3A8-41F1-BBD9-8CD8C5D1E138}.Debug|Mixed Platforms.Build.0 = Debug|x86
		{3FE4DEF8-E3A8-41F1-BBD9-8CD8C5D1E138}.Debug|x86.ActiveCfg = Debug|Any CPU
		{3FE4DEF8-E3A8-41F1-BBD9-8CD8C5D1E138}.DebugLV|Any CPU.ActiveCfg = Debug|Any CPU
		{3FE4DEF8-E3A8-41F1-BBD9-8CD8C5D1E138}.DebugLV|Any CPU.Build.0 = Debug|Any CPU
		{3FE4DEF8-E3A8-41F1-BBD9-8CD8C5D1E138}.DebugLV|Mixed Platforms.ActiveCfg = Debug|Any CPU
		{3FE4DEF8-E3A8-41F1-BBD9-8CD8C5D1E138}.DebugLV|Mixed Platforms.Build.0 = Debug|Any CPU
		{3FE4DEF8-E3A8-41F1-BBD9-8CD8C5D1E138}.DebugLV|x86.ActiveCfg = Debug|Any CPU
		{3FE4DEF8-E3A8-41F1-BBD9-8CD8C5D1E138}.DebugWeb|Any CPU.ActiveCfg = Debug|Any CPU
		{3FE4DEF8-E3A8-41F1-BBD9-8CD8C5D1E138}.DebugWeb|Any CPU.Build.0 = Debug|Any CPU
		{3FE4DEF8-E3A8-41F1-BBD9-8CD8C5D1E138}.DebugWeb|Mixed Platforms.ActiveCfg = Debug|Any CPU
		{3FE4DEF8-E3A8-41F1-BBD9-8CD8C5D1E138}.DebugWeb|Mixed Platforms.Build.0 = Debug|Any CPU
		{3FE4DEF8-E3A8-41F1-BBD9-8CD8C5D1E138}.DebugWeb|x86.ActiveCfg = Debug|Any CPU
		{3FE4DEF8-E3A8-41F1-BBD9-8CD8C5D1E138}.Release|Any CPU.ActiveCfg = Release|Any CPU
		{3FE4DEF8-E3A8-41F1-BBD9-8CD8C5D1E138}.Release|Any CPU.Build.0 = Release|Any CPU
		{3FE4DEF8-E3A8-41F1-BBD9-8CD8C5D1E138}.Release|Mixed Platforms.ActiveCfg = Release|Any CPU
		{3FE4DEF8-E3A8-41F1-BBD9-8CD8C5D1E138}.Release|Mixed Platforms.Build.0 = Release|Any CPU
		{3FE4DEF8-E3A8-41F1-BBD9-8CD8C5D1E138}.Release|x86.ActiveCfg = Release|Any CPU
		{3FE4DEF8-E3A8-41F1-BBD9-8CD8C5D1E138}.ReleaseLV|Any CPU.ActiveCfg = Release|Any CPU
		{3FE4DEF8-E3A8-41F1-BBD9-8CD8C5D1E138}.ReleaseLV|Any CPU.Build.0 = Release|Any CPU
		{3FE4DEF8-E3A8-41F1-BBD9-8CD8C5D1E138}.ReleaseLV|Mixed Platforms.ActiveCfg = Release|Any CPU
		{3FE4DEF8-E3A8-41F1-BBD9-8CD8C5D1E138}.ReleaseLV|Mixed Platforms.Build.0 = Release|Any CPU
		{3FE4DEF8-E3A8-41F1-BBD9-8CD8C5D1E138}.ReleaseLV|x86.ActiveCfg = Release|Any CPU
		{3FE4DEF8-E3A8-41F1-BBD9-8CD8C5D1E138}.ReleaseWeb|Any CPU.ActiveCfg = Release|Any CPU
		{3FE4DEF8-E3A8-41F1-BBD9-8CD8C5D1E138}.ReleaseWeb|Any CPU.Build.0 = Release|Any CPU
		{3FE4DEF8-E3A8-41F1-BBD9-8CD8C5D1E138}.ReleaseWeb|Mixed Platforms.ActiveCfg = Release|Any CPU
		{3FE4DEF8-E3A8-41F1-BBD9-8CD8C5D1E138}.ReleaseWeb|Mixed Platforms.Build.0 = Release|Any CPU
		{3FE4DEF8-E3A8-41F1-BBD9-8CD8C5D1E138}.ReleaseWeb|x86.ActiveCfg = Release|Any CPU
	EndGlobalSection
	GlobalSection(SolutionProperties) = preSolution
		HideSolutionNode = FALSE
	EndGlobalSection
EndGlobal
