
Microsoft Visual Studio Solution File, Format Version 12.00
# Visual Studio 2012
Project("{FAE04EC0-301F-11D3-BF4B-00C04F79EFBC}") = "Commissioning.Data", "CommissioningMailer\Commissioning.Data.csproj", "{89994540-8DEC-438C-8399-66EC2DED18AC}"
EndProject
Project("{2150E333-8FDC-42A3-9474-1A3956D46DE8}") = ".nuget", ".nuget", "{6B8F591A-9D96-45F7-9518-4C48B65B7FF2}"
	ProjectSection(SolutionItems) = preProject
		.nuget\NuGet.Config = .nuget\NuGet.Config
		.nuget\NuGet.exe = .nuget\NuGet.exe
		.nuget\NuGet.targets = .nuget\NuGet.targets
	EndProjectSection
EndProject
Project("{FAE04EC0-301F-11D3-BF4B-00C04F79EFBC}") = "ProxyHelpers", "ProxyHelpers\ProxyHelpers.csproj", "{738B2795-A5CA-4B2A-8B1C-A44BA96D9D59}"
EndProject
Project("{FAE04EC0-301F-11D3-BF4B-00C04F79EFBC}") = "Emailer.UI", "Emailer.UI\Emailer.UI.csproj", "{660E33AE-7233-49F3-8B23-2BC8AD7F3B75}"
EndProject
Project("{FAE04EC0-301F-11D3-BF4B-00C04F79EFBC}") = "Logger", "Logger\Logger.csproj", "{537F828A-D67C-4B3C-88FD-92786464B017}"
EndProject
Project("{FAE04EC0-301F-11D3-BF4B-00C04F79EFBC}") = "Emailer", "Emailer\Emailer.csproj", "{1B0BDC59-F5B8-4121-BD33-BD8304A9379B}"
EndProject
Project("{FAE04EC0-301F-11D3-BF4B-00C04F79EFBC}") = "Emailer.Tests", "Emailer.Tests\Emailer.Tests.csproj", "{3FE4DEF8-E3A8-41F1-BBD9-8CD8C5D1E138}"
EndProject
Project("{2150E333-8FDC-42A3-9474-1A3956D46DE8}") = ".build", ".build", "{EC829E08-185F-4F27-A868-302332FCDF13}"
	ProjectSection(SolutionItems) = preProject
		Build.proj = Build.proj
		.build\MSBuild.Community.Tasks.dll = .build\MSBuild.Community.Tasks.dll
		.build\MSBuild.Community.Tasks.targets = .build\MSBuild.Community.Tasks.targets
	EndProjectSection
EndProject
Global
	GlobalSection(SolutionConfigurationPlatforms) = preSolution
		Debug|x86 = Debug|x86
		DebugLV|x86 = DebugLV|x86
		DebugWeb|x86 = DebugWeb|x86
		Release|x86 = Release|x86
		ReleaseLV|x86 = ReleaseLV|x86
		ReleaseWeb|x86 = ReleaseWeb|x86
	EndGlobalSection
	GlobalSection(ProjectConfigurationPlatforms) = postSolution
		{89994540-8DEC-438C-8399-66EC2DED18AC}.Debug|x86.ActiveCfg = Debug|x86
		{89994540-8DEC-438C-8399-66EC2DED18AC}.Debug|x86.Build.0 = Debug|x86
		{89994540-8DEC-438C-8399-66EC2DED18AC}.DebugLV|x86.ActiveCfg = Debug|x86
		{89994540-8DEC-438C-8399-66EC2DED18AC}.DebugLV|x86.Build.0 = Debug|x86
		{89994540-8DEC-438C-8399-66EC2DED18AC}.DebugWeb|x86.ActiveCfg = Debug|x86
		{89994540-8DEC-438C-8399-66EC2DED18AC}.DebugWeb|x86.Build.0 = Debug|x86
		{89994540-8DEC-438C-8399-66EC2DED18AC}.Release|x86.ActiveCfg = Release|x86
		{89994540-8DEC-438C-8399-66EC2DED18AC}.Release|x86.Build.0 = Release|x86
		{89994540-8DEC-438C-8399-66EC2DED18AC}.ReleaseLV|x86.ActiveCfg = Release|x86
		{89994540-8DEC-438C-8399-66EC2DED18AC}.ReleaseLV|x86.Build.0 = Release|x86
		{89994540-8DEC-438C-8399-66EC2DED18AC}.ReleaseWeb|x86.ActiveCfg = Release|x86
		{89994540-8DEC-438C-8399-66EC2DED18AC}.ReleaseWeb|x86.Build.0 = Release|x86
		{738B2795-A5CA-4B2A-8B1C-A44BA96D9D59}.Debug|x86.ActiveCfg = Debug|x86
		{738B2795-A5CA-4B2A-8B1C-A44BA96D9D59}.Debug|x86.Build.0 = Debug|x86
		{738B2795-A5CA-4B2A-8B1C-A44BA96D9D59}.DebugLV|x86.ActiveCfg = Debug|x86
		{738B2795-A5CA-4B2A-8B1C-A44BA96D9D59}.DebugLV|x86.Build.0 = Debug|x86
		{738B2795-A5CA-4B2A-8B1C-A44BA96D9D59}.DebugWeb|x86.ActiveCfg = Debug|x86
		{738B2795-A5CA-4B2A-8B1C-A44BA96D9D59}.DebugWeb|x86.Build.0 = Debug|x86
		{738B2795-A5CA-4B2A-8B1C-A44BA96D9D59}.Release|x86.ActiveCfg = Release|x86
		{738B2795-A5CA-4B2A-8B1C-A44BA96D9D59}.Release|x86.Build.0 = Release|x86
		{738B2795-A5CA-4B2A-8B1C-A44BA96D9D59}.ReleaseLV|x86.ActiveCfg = Release|x86
		{738B2795-A5CA-4B2A-8B1C-A44BA96D9D59}.ReleaseLV|x86.Build.0 = Release|x86
		{738B2795-A5CA-4B2A-8B1C-A44BA96D9D59}.ReleaseWeb|x86.ActiveCfg = Release|x86
		{738B2795-A5CA-4B2A-8B1C-A44BA96D9D59}.ReleaseWeb|x86.Build.0 = Release|x86
		{660E33AE-7233-49F3-8B23-2BC8AD7F3B75}.Debug|x86.ActiveCfg = Debug|x86
		{660E33AE-7233-49F3-8B23-2BC8AD7F3B75}.Debug|x86.Build.0 = Debug|x86
		{660E33AE-7233-49F3-8B23-2BC8AD7F3B75}.DebugLV|x86.ActiveCfg = Debug|x86
		{660E33AE-7233-49F3-8B23-2BC8AD7F3B75}.DebugLV|x86.Build.0 = Debug|x86
		{660E33AE-7233-49F3-8B23-2BC8AD7F3B75}.DebugWeb|x86.ActiveCfg = Debug|x86
		{660E33AE-7233-49F3-8B23-2BC8AD7F3B75}.DebugWeb|x86.Build.0 = Debug|x86
		{660E33AE-7233-49F3-8B23-2BC8AD7F3B75}.Release|x86.ActiveCfg = Release|x86
		{660E33AE-7233-49F3-8B23-2BC8AD7F3B75}.Release|x86.Build.0 = Release|x86
		{660E33AE-7233-49F3-8B23-2BC8AD7F3B75}.ReleaseLV|x86.ActiveCfg = Release|x86
		{660E33AE-7233-49F3-8B23-2BC8AD7F3B75}.ReleaseLV|x86.Build.0 = Release|x86
		{660E33AE-7233-49F3-8B23-2BC8AD7F3B75}.ReleaseWeb|x86.ActiveCfg = Release|x86
		{660E33AE-7233-49F3-8B23-2BC8AD7F3B75}.ReleaseWeb|x86.Build.0 = Release|x86
		{537F828A-D67C-4B3C-88FD-92786464B017}.Debug|x86.ActiveCfg = Debug|x86
		{537F828A-D67C-4B3C-88FD-92786464B017}.Debug|x86.Build.0 = Debug|x86
		{537F828A-D67C-4B3C-88FD-92786464B017}.DebugLV|x86.ActiveCfg = Debug|x86
		{537F828A-D67C-4B3C-88FD-92786464B017}.DebugLV|x86.Build.0 = Debug|x86
		{537F828A-D67C-4B3C-88FD-92786464B017}.DebugWeb|x86.ActiveCfg = Debug|x86
		{537F828A-D67C-4B3C-88FD-92786464B017}.DebugWeb|x86.Build.0 = Debug|x86
		{537F828A-D67C-4B3C-88FD-92786464B017}.Release|x86.ActiveCfg = Release|x86
		{537F828A-D67C-4B3C-88FD-92786464B017}.Release|x86.Build.0 = Release|x86
		{537F828A-D67C-4B3C-88FD-92786464B017}.ReleaseLV|x86.ActiveCfg = Release|x86
		{537F828A-D67C-4B3C-88FD-92786464B017}.ReleaseLV|x86.Build.0 = Release|x86
		{537F828A-D67C-4B3C-88FD-92786464B017}.ReleaseWeb|x86.ActiveCfg = Release|x86
		{537F828A-D67C-4B3C-88FD-92786464B017}.ReleaseWeb|x86.Build.0 = Release|x86
		{1B0BDC59-F5B8-4121-BD33-BD8304A9379B}.Debug|x86.ActiveCfg = Debug|x86
		{1B0BDC59-F5B8-4121-BD33-BD8304A9379B}.Debug|x86.Build.0 = Debug|x86
		{1B0BDC59-F5B8-4121-BD33-BD8304A9379B}.DebugLV|x86.ActiveCfg = Debug|x86
		{1B0BDC59-F5B8-4121-BD33-BD8304A9379B}.DebugLV|x86.Build.0 = Debug|x86
		{1B0BDC59-F5B8-4121-BD33-BD8304A9379B}.DebugWeb|x86.ActiveCfg = Debug|x86
		{1B0BDC59-F5B8-4121-BD33-BD8304A9379B}.DebugWeb|x86.Build.0 = Debug|x86
		{1B0BDC59-F5B8-4121-BD33-BD8304A9379B}.Release|x86.ActiveCfg = Release|x86
		{1B0BDC59-F5B8-4121-BD33-BD8304A9379B}.Release|x86.Build.0 = Release|x86
		{1B0BDC59-F5B8-4121-BD33-BD8304A9379B}.ReleaseLV|x86.ActiveCfg = Release|x86
		{1B0BDC59-F5B8-4121-BD33-BD8304A9379B}.ReleaseLV|x86.Build.0 = Release|x86
		{1B0BDC59-F5B8-4121-BD33-BD8304A9379B}.ReleaseWeb|x86.ActiveCfg = Release|x86
		{1B0BDC59-F5B8-4121-BD33-BD8304A9379B}.ReleaseWeb|x86.Build.0 = Release|x86
		{3FE4DEF8-E3A8-41F1-BBD9-8CD8C5D1E138}.Debug|x86.ActiveCfg = Debug|x86
		{3FE4DEF8-E3A8-41F1-BBD9-8CD8C5D1E138}.Debug|x86.Build.0 = Debug|x86
		{3FE4DEF8-E3A8-41F1-BBD9-8CD8C5D1E138}.DebugLV|x86.ActiveCfg = Debug|x86
		{3FE4DEF8-E3A8-41F1-BBD9-8CD8C5D1E138}.DebugLV|x86.Build.0 = Debug|x86
		{3FE4DEF8-E3A8-41F1-BBD9-8CD8C5D1E138}.DebugWeb|x86.ActiveCfg = Debug|x86
		{3FE4DEF8-E3A8-41F1-BBD9-8CD8C5D1E138}.DebugWeb|x86.Build.0 = Debug|x86
		{3FE4DEF8-E3A8-41F1-BBD9-8CD8C5D1E138}.Release|x86.ActiveCfg = Release|x86
		{3FE4DEF8-E3A8-41F1-BBD9-8CD8C5D1E138}.Release|x86.Build.0 = Release|x86
		{3FE4DEF8-E3A8-41F1-BBD9-8CD8C5D1E138}.ReleaseLV|x86.ActiveCfg = Release|x86
		{3FE4DEF8-E3A8-41F1-BBD9-8CD8C5D1E138}.ReleaseLV|x86.Build.0 = Release|x86
		{3FE4DEF8-E3A8-41F1-BBD9-8CD8C5D1E138}.ReleaseWeb|x86.ActiveCfg = Release|x86
		{3FE4DEF8-E3A8-41F1-BBD9-8CD8C5D1E138}.ReleaseWeb|x86.Build.0 = Release|x86
	EndGlobalSection
	GlobalSection(SolutionProperties) = preSolution
		HideSolutionNode = FALSE
	EndGlobalSection
EndGlobal
